
Microsoft Visual Studio Solution File, Format Version 12.00
# Visual Studio Version 17
VisualStudioVersion = 17.0.32014.148
MinimumVisualStudioVersion = 10.0.40219.1
Project("{FAE04EC0-301F-11D3-BF4B-00C04F79EFBC}") = "api", "api\api.csproj", "{06B560E7-1027-4295-9F4D-3F99580DAF96}"
EndProject
Global
	GlobalSection(SolutionConfigurationPlatforms) = preSolution
		Debug|Any CPU = Debug|Any CPU
		Release|Any CPU = Release|Any CPU
	EndGlobalSection
	GlobalSection(ProjectConfigurationPlatforms) = postSolution
		{06B560E7-1027-4295-9F4D-3F99580DAF96}.Debug|Any CPU.ActiveCfg = Debug|Any CPU
		{06B560E7-1027-4295-9F4D-3F99580DAF96}.Debug|Any CPU.Build.0 = Debug|Any CPU
		{06B560E7-1027-4295-9F4D-3F99580DAF96}.Release|Any CPU.ActiveCfg = Release|Any CPU
		{06B560E7-1027-4295-9F4D-3F99580DAF96}.Release|Any CPU.Build.0 = Release|Any CPU
	EndGlobalSection
	GlobalSection(SolutionProperties) = preSolution
		HideSolutionNode = FALSE
	EndGlobalSection
	GlobalSection(ExtensibilityGlobals) = postSolution
		SolutionGuid = {439A0837-B210-4A3F-B5A2-E926EF47A27C}
	EndGlobalSection
EndGlobal
